// !$*UTF8*$!
{
	archiveVersion = 1;
	classes = {
	};
	objectVersion = 56;
	objects = {

/* Begin PBXBuildFile section */
		8CAAB8F92CC83BE2008D7A3E /* AppDelegate.swift in Sources */ = {isa = PBXBuildFile; fileRef = 8CAAB8F82CC83BE2008D7A3E /* AppDelegate.swift */; };
		8CAAB8FB2CC83BE2008D7A3E /* SceneDelegate.swift in Sources */ = {isa = PBXBuildFile; fileRef = 8CAAB8FA2CC83BE2008D7A3E /* SceneDelegate.swift */; };
		8CAAB8FD2CC83BE2008D7A3E /* ViewController.swift in Sources */ = {isa = PBXBuildFile; fileRef = 8CAAB8FC2CC83BE2008D7A3E /* ViewController.swift */; };
		8CAAB9002CC83BE2008D7A3E /* Main.storyboard in Resources */ = {isa = PBXBuildFile; fileRef = 8CAAB8FE2CC83BE2008D7A3E /* Main.storyboard */; };
		8CAAB9022CC83BE3008D7A3E /* Assets.xcassets in Resources */ = {isa = PBXBuildFile; fileRef = 8CAAB9012CC83BE3008D7A3E /* Assets.xcassets */; };
		8CAAB9052CC83BE3008D7A3E /* LaunchScreen.storyboard in Resources */ = {isa = PBXBuildFile; fileRef = 8CAAB9032CC83BE3008D7A3E /* LaunchScreen.storyboard */; };
		8CAAB9102CC83BE3008D7A3E /* EggTimerTests.swift in Sources */ = {isa = PBXBuildFile; fileRef = 8CAAB90F2CC83BE3008D7A3E /* EggTimerTests.swift */; };
		8CAAB91A2CC83BE3008D7A3E /* EggTimerUITests.swift in Sources */ = {isa = PBXBuildFile; fileRef = 8CAAB9192CC83BE3008D7A3E /* EggTimerUITests.swift */; };
		8CAAB91C2CC83BE3008D7A3E /* EggTimerUITestsLaunchTests.swift in Sources */ = {isa = PBXBuildFile; fileRef = 8CAAB91B2CC83BE3008D7A3E /* EggTimerUITestsLaunchTests.swift */; };
/* End PBXBuildFile section */

/* Begin PBXContainerItemProxy section */
		8CAAB90C2CC83BE3008D7A3E /* PBXContainerItemProxy */ = {
			isa = PBXContainerItemProxy;
			containerPortal = 8CAAB8ED2CC83BE2008D7A3E /* Project object */;
			proxyType = 1;
			remoteGlobalIDString = 8CAAB8F42CC83BE2008D7A3E;
			remoteInfo = EggTimer;
		};
		8CAAB9162CC83BE3008D7A3E /* PBXContainerItemProxy */ = {
			isa = PBXContainerItemProxy;
			containerPortal = 8CAAB8ED2CC83BE2008D7A3E /* Project object */;
			proxyType = 1;
			remoteGlobalIDString = 8CAAB8F42CC83BE2008D7A3E;
			remoteInfo = EggTimer;
		};
/* End PBXContainerItemProxy section */

/* Begin PBXFileReference section */
		8CAAB8F52CC83BE2008D7A3E /* EggTimer.app */ = {isa = PBXFileReference; explicitFileType = wrapper.application; includeInIndex = 0; path = EggTimer.app; sourceTree = BUILT_PRODUCTS_DIR; };
		8CAAB8F82CC83BE2008D7A3E /* AppDelegate.swift */ = {isa = PBXFileReference; lastKnownFileType = sourcecode.swift; path = AppDelegate.swift; sourceTree = "<group>"; };
		8CAAB8FA2CC83BE2008D7A3E /* SceneDelegate.swift */ = {isa = PBXFileReference; lastKnownFileType = sourcecode.swift; path = SceneDelegate.swift; sourceTree = "<group>"; };
		8CAAB8FC2CC83BE2008D7A3E /* ViewController.swift */ = {isa = PBXFileReference; lastKnownFileType = sourcecode.swift; path = ViewController.swift; sourceTree = "<group>"; };
		8CAAB8FF2CC83BE2008D7A3E /* Base */ = {isa = PBXFileReference; lastKnownFileType = file.storyboard; name = Base; path = Base.lproj/Main.storyboard; sourceTree = "<group>"; };
		8CAAB9012CC83BE3008D7A3E /* Assets.xcassets */ = {isa = PBXFileReference; lastKnownFileType = folder.assetcatalog; path = Assets.xcassets; sourceTree = "<group>"; };
		8CAAB9042CC83BE3008D7A3E /* Base */ = {isa = PBXFileReference; lastKnownFileType = file.storyboard; name = Base; path = Base.lproj/LaunchScreen.storyboard; sourceTree = "<group>"; };
		8CAAB9062CC83BE3008D7A3E /* Info.plist */ = {isa = PBXFileReference; lastKnownFileType = text.plist.xml; path = Info.plist; sourceTree = "<group>"; };
		8CAAB90B2CC83BE3008D7A3E /* EggTimerTests.xctest */ = {isa = PBXFileReference; explicitFileType = wrapper.cfbundle; includeInIndex = 0; path = EggTimerTests.xctest; sourceTree = BUILT_PRODUCTS_DIR; };
		8CAAB90F2CC83BE3008D7A3E /* EggTimerTests.swift */ = {isa = PBXFileReference; lastKnownFileType = sourcecode.swift; path = EggTimerTests.swift; sourceTree = "<group>"; };
		8CAAB9152CC83BE3008D7A3E /* EggTimerUITests.xctest */ = {isa = PBXFileReference; explicitFileType = wrapper.cfbundle; includeInIndex = 0; path = EggTimerUITests.xctest; sourceTree = BUILT_PRODUCTS_DIR; };
		8CAAB9192CC83BE3008D7A3E /* EggTimerUITests.swift */ = {isa = PBXFileReference; lastKnownFileType = sourcecode.swift; path = EggTimerUITests.swift; sourceTree = "<group>"; };
		8CAAB91B2CC83BE3008D7A3E /* EggTimerUITestsLaunchTests.swift */ = {isa = PBXFileReference; lastKnownFileType = sourcecode.swift; path = EggTimerUITestsLaunchTests.swift; sourceTree = "<group>"; };
/* End PBXFileReference section */

/* Begin PBXFrameworksBuildPhase section */
		8CAAB8F22CC83BE2008D7A3E /* Frameworks */ = {
			isa = PBXFrameworksBuildPhase;
			buildActionMask = 2147483647;
			files = (
			);
			runOnlyForDeploymentPostprocessing = 0;
		};
		8CAAB9082CC83BE3008D7A3E /* Frameworks */ = {
			isa = PBXFrameworksBuildPhase;
			buildActionMask = 2147483647;
			files = (
			);
			runOnlyForDeploymentPostprocessing = 0;
		};
		8CAAB9122CC83BE3008D7A3E /* Frameworks */ = {
			isa = PBXFrameworksBuildPhase;
			buildActionMask = 2147483647;
			files = (
			);
			runOnlyForDeploymentPostprocessing = 0;
		};
/* End PBXFrameworksBuildPhase section */

/* Begin PBXGroup section */
		8CAAB8EC2CC83BE2008D7A3E = {
			isa = PBXGroup;
			children = (
				8CAAB8F72CC83BE2008D7A3E /* EggTimer */,
				8CAAB90E2CC83BE3008D7A3E /* EggTimerTests */,
				8CAAB9182CC83BE3008D7A3E /* EggTimerUITests */,
				8CAAB8F62CC83BE2008D7A3E /* Products */,
			);
			sourceTree = "<group>";
		};
		8CAAB8F62CC83BE2008D7A3E /* Products */ = {
			isa = PBXGroup;
			children = (
				8CAAB8F52CC83BE2008D7A3E /* EggTimer.app */,
				8CAAB90B2CC83BE3008D7A3E /* EggTimerTests.xctest */,
				8CAAB9152CC83BE3008D7A3E /* EggTimerUITests.xctest */,
			);
			name = Products;
			sourceTree = "<group>";
		};
		8CAAB8F72CC83BE2008D7A3E /* EggTimer */ = {
			isa = PBXGroup;
			children = (
				8CAAB8F82CC83BE2008D7A3E /* AppDelegate.swift */,
				8CAAB8FA2CC83BE2008D7A3E /* SceneDelegate.swift */,
				8CAAB8FC2CC83BE2008D7A3E /* ViewController.swift */,
				8CAAB8FE2CC83BE2008D7A3E /* Main.storyboard */,
				8CAAB9012CC83BE3008D7A3E /* Assets.xcassets */,
				8CAAB9032CC83BE3008D7A3E /* LaunchScreen.storyboard */,
				8CAAB9062CC83BE3008D7A3E /* Info.plist */,
			);
			path = EggTimer;
			sourceTree = "<group>";
		};
		8CAAB90E2CC83BE3008D7A3E /* EggTimerTests */ = {
			isa = PBXGroup;
			children = (
				8CAAB90F2CC83BE3008D7A3E /* EggTimerTests.swift */,
			);
			path = EggTimerTests;
			sourceTree = "<group>";
		};
		8CAAB9182CC83BE3008D7A3E /* EggTimerUITests */ = {
			isa = PBXGroup;
			children = (
				8CAAB9192CC83BE3008D7A3E /* EggTimerUITests.swift */,
				8CAAB91B2CC83BE3008D7A3E /* EggTimerUITestsLaunchTests.swift */,
			);
			path = EggTimerUITests;
			sourceTree = "<group>";
		};
/* End PBXGroup section */

/* Begin PBXNativeTarget section */
		8CAAB8F42CC83BE2008D7A3E /* EggTimer */ = {
			isa = PBXNativeTarget;
			buildConfigurationList = 8CAAB91F2CC83BE3008D7A3E /* Build configuration list for PBXNativeTarget "EggTimer" */;
			buildPhases = (
				8CAAB8F12CC83BE2008D7A3E /* Sources */,
				8CAAB8F22CC83BE2008D7A3E /* Frameworks */,
				8CAAB8F32CC83BE2008D7A3E /* Resources */,
			);
			buildRules = (
			);
			dependencies = (
			);
			name = EggTimer;
			productName = EggTimer;
			productReference = 8CAAB8F52CC83BE2008D7A3E /* EggTimer.app */;
			productType = "com.apple.product-type.application";
		};
		8CAAB90A2CC83BE3008D7A3E /* EggTimerTests */ = {
			isa = PBXNativeTarget;
			buildConfigurationList = 8CAAB9222CC83BE3008D7A3E /* Build configuration list for PBXNativeTarget "EggTimerTests" */;
			buildPhases = (
				8CAAB9072CC83BE3008D7A3E /* Sources */,
				8CAAB9082CC83BE3008D7A3E /* Frameworks */,
				8CAAB9092CC83BE3008D7A3E /* Resources */,
			);
			buildRules = (
			);
			dependencies = (
				8CAAB90D2CC83BE3008D7A3E /* PBXTargetDependency */,
			);
			name = EggTimerTests;
			productName = EggTimerTests;
			productReference = 8CAAB90B2CC83BE3008D7A3E /* EggTimerTests.xctest */;
			productType = "com.apple.product-type.bundle.unit-test";
		};
		8CAAB9142CC83BE3008D7A3E /* EggTimerUITests */ = {
			isa = PBXNativeTarget;
			buildConfigurationList = 8CAAB9252CC83BE3008D7A3E /* Build configuration list for PBXNativeTarget "EggTimerUITests" */;
			buildPhases = (
				8CAAB9112CC83BE3008D7A3E /* Sources */,
				8CAAB9122CC83BE3008D7A3E /* Frameworks */,
				8CAAB9132CC83BE3008D7A3E /* Resources */,
			);
			buildRules = (
			);
			dependencies = (
				8CAAB9172CC83BE3008D7A3E /* PBXTargetDependency */,
			);
			name = EggTimerUITests;
			productName = EggTimerUITests;
			productReference = 8CAAB9152CC83BE3008D7A3E /* EggTimerUITests.xctest */;
			productType = "com.apple.product-type.bundle.ui-testing";
		};
/* End PBXNativeTarget section */

/* Begin PBXProject section */
		8CAAB8ED2CC83BE2008D7A3E /* Project object */ = {
			isa = PBXProject;
			attributes = {
				BuildIndependentTargetsInParallel = 1;
				LastSwiftUpdateCheck = 1520;
				LastUpgradeCheck = 1520;
				TargetAttributes = {
					8CAAB8F42CC83BE2008D7A3E = {
						CreatedOnToolsVersion = 15.2;
					};
					8CAAB90A2CC83BE3008D7A3E = {
						CreatedOnToolsVersion = 15.2;
						TestTargetID = 8CAAB8F42CC83BE2008D7A3E;
					};
					8CAAB9142CC83BE3008D7A3E = {
						CreatedOnToolsVersion = 15.2;
						TestTargetID = 8CAAB8F42CC83BE2008D7A3E;
					};
				};
			};
			buildConfigurationList = 8CAAB8F02CC83BE2008D7A3E /* Build configuration list for PBXProject "EggTimer" */;
			compatibilityVersion = "Xcode 14.0";
			developmentRegion = en;
			hasScannedForEncodings = 0;
			knownRegions = (
				en,
				Base,
			);
			mainGroup = 8CAAB8EC2CC83BE2008D7A3E;
			productRefGroup = 8CAAB8F62CC83BE2008D7A3E /* Products */;
			projectDirPath = "";
			projectRoot = "";
			targets = (
				8CAAB8F42CC83BE2008D7A3E /* EggTimer */,
				8CAAB90A2CC83BE3008D7A3E /* EggTimerTests */,
				8CAAB9142CC83BE3008D7A3E /* EggTimerUITests */,
			);
		};
/* End PBXProject section */

/* Begin PBXResourcesBuildPhase section */
		8CAAB8F32CC83BE2008D7A3E /* Resources */ = {
			isa = PBXResourcesBuildPhase;
			buildActionMask = 2147483647;
			files = (
				8CAAB9052CC83BE3008D7A3E /* LaunchScreen.storyboard in Resources */,
				8CAAB9022CC83BE3008D7A3E /* Assets.xcassets in Resources */,
				8CAAB9002CC83BE2008D7A3E /* Main.storyboard in Resources */,
			);
			runOnlyForDeploymentPostprocessing = 0;
		};
		8CAAB9092CC83BE3008D7A3E /* Resources */ = {
			isa = PBXResourcesBuildPhase;
			buildActionMask = 2147483647;
			files = (
			);
			runOnlyForDeploymentPostprocessing = 0;
		};
		8CAAB9132CC83BE3008D7A3E /* Resources */ = {
			isa = PBXResourcesBuildPhase;
			buildActionMask = 2147483647;
			files = (
			);
			runOnlyForDeploymentPostprocessing = 0;
		};
/* End PBXResourcesBuildPhase section */

/* Begin PBXSourcesBuildPhase section */
		8CAAB8F12CC83BE2008D7A3E /* Sources */ = {
			isa = PBXSourcesBuildPhase;
			buildActionMask = 2147483647;
			files = (
				8CAAB8FD2CC83BE2008D7A3E /* ViewController.swift in Sources */,
				8CAAB8F92CC83BE2008D7A3E /* AppDelegate.swift in Sources */,
				8CAAB8FB2CC83BE2008D7A3E /* SceneDelegate.swift in Sources */,
			);
			runOnlyForDeploymentPostprocessing = 0;
		};
		8CAAB9072CC83BE3008D7A3E /* Sources */ = {
			isa = PBXSourcesBuildPhase;
			buildActionMask = 2147483647;
			files = (
				8CAAB9102CC83BE3008D7A3E /* EggTimerTests.swift in Sources */,
			);
			runOnlyForDeploymentPostprocessing = 0;
		};
		8CAAB9112CC83BE3008D7A3E /* Sources */ = {
			isa = PBXSourcesBuildPhase;
			buildActionMask = 2147483647;
			files = (
				8CAAB91C2CC83BE3008D7A3E /* EggTimerUITestsLaunchTests.swift in Sources */,
				8CAAB91A2CC83BE3008D7A3E /* EggTimerUITests.swift in Sources */,
			);
			runOnlyForDeploymentPostprocessing = 0;
		};
/* End PBXSourcesBuildPhase section */

/* Begin PBXTargetDependency section */
		8CAAB90D2CC83BE3008D7A3E /* PBXTargetDependency */ = {
			isa = PBXTargetDependency;
			target = 8CAAB8F42CC83BE2008D7A3E /* EggTimer */;
			targetProxy = 8CAAB90C2CC83BE3008D7A3E /* PBXContainerItemProxy */;
		};
		8CAAB9172CC83BE3008D7A3E /* PBXTargetDependency */ = {
			isa = PBXTargetDependency;
			target = 8CAAB8F42CC83BE2008D7A3E /* EggTimer */;
			targetProxy = 8CAAB9162CC83BE3008D7A3E /* PBXContainerItemProxy */;
		};
/* End PBXTargetDependency section */

/* Begin PBXVariantGroup section */
		8CAAB8FE2CC83BE2008D7A3E /* Main.storyboard */ = {
			isa = PBXVariantGroup;
			children = (
				8CAAB8FF2CC83BE2008D7A3E /* Base */,
			);
			name = Main.storyboard;
			sourceTree = "<group>";
		};
		8CAAB9032CC83BE3008D7A3E /* LaunchScreen.storyboard */ = {
			isa = PBXVariantGroup;
			children = (
				8CAAB9042CC83BE3008D7A3E /* Base */,
			);
			name = LaunchScreen.storyboard;
			sourceTree = "<group>";
		};
/* End PBXVariantGroup section */

/* Begin XCBuildConfiguration section */
		8CAAB91D2CC83BE3008D7A3E /* Debug */ = {
			isa = XCBuildConfiguration;
			buildSettings = {
				ALWAYS_SEARCH_USER_PATHS = NO;
				ASSETCATALOG_COMPILER_GENERATE_SWIFT_ASSET_SYMBOL_EXTENSIONS = YES;
				CLANG_ANALYZER_NONNULL = YES;
				CLANG_ANALYZER_NUMBER_OBJECT_CONVERSION = YES_AGGRESSIVE;
				CLANG_CXX_LANGUAGE_STANDARD = "gnu++20";
				CLANG_ENABLE_MODULES = YES;
				CLANG_ENABLE_OBJC_ARC = YES;
				CLANG_ENABLE_OBJC_WEAK = YES;
				CLANG_WARN_BLOCK_CAPTURE_AUTORELEASING = YES;
				CLANG_WARN_BOOL_CONVERSION = YES;
				CLANG_WARN_COMMA = YES;
				CLANG_WARN_CONSTANT_CONVERSION = YES;
				CLANG_WARN_DEPRECATED_OBJC_IMPLEMENTATIONS = YES;
				CLANG_WARN_DIRECT_OBJC_ISA_USAGE = YES_ERROR;
				CLANG_WARN_DOCUMENTATION_COMMENTS = YES;
				CLANG_WARN_EMPTY_BODY = YES;
				CLANG_WARN_ENUM_CONVERSION = YES;
				CLANG_WARN_INFINITE_RECURSION = YES;
				CLANG_WARN_INT_CONVERSION = YES;
				CLANG_WARN_NON_LITERAL_NULL_CONVERSION = YES;
				CLANG_WARN_OBJC_IMPLICIT_RETAIN_SELF = YES;
				CLANG_WARN_OBJC_LITERAL_CONVERSION = YES;
				CLANG_WARN_OBJC_ROOT_CLASS = YES_ERROR;
				CLANG_WARN_QUOTED_INCLUDE_IN_FRAMEWORK_HEADER = YES;
				CLANG_WARN_RANGE_LOOP_ANALYSIS = YES;
				CLANG_WARN_STRICT_PROTOTYPES = YES;
				CLANG_WARN_SUSPICIOUS_MOVE = YES;
				CLANG_WARN_UNGUARDED_AVAILABILITY = YES_AGGRESSIVE;
				CLANG_WARN_UNREACHABLE_CODE = YES;
				CLANG_WARN__DUPLICATE_METHOD_MATCH = YES;
				COPY_PHASE_STRIP = NO;
				DEBUG_INFORMATION_FORMAT = dwarf;
				ENABLE_STRICT_OBJC_MSGSEND = YES;
				ENABLE_TESTABILITY = YES;
				ENABLE_USER_SCRIPT_SANDBOXING = YES;
				GCC_C_LANGUAGE_STANDARD = gnu17;
				GCC_DYNAMIC_NO_PIC = NO;
				GCC_NO_COMMON_BLOCKS = YES;
				GCC_OPTIMIZATION_LEVEL = 0;
				GCC_PREPROCESSOR_DEFINITIONS = (
					"DEBUG=1",
					"$(inherited)",
				);
				GCC_WARN_64_TO_32_BIT_CONVERSION = YES;
				GCC_WARN_ABOUT_RETURN_TYPE = YES_ERROR;
				GCC_WARN_UNDECLARED_SELECTOR = YES;
				GCC_WARN_UNINITIALIZED_AUTOS = YES_AGGRESSIVE;
				GCC_WARN_UNUSED_FUNCTION = YES;
				GCC_WARN_UNUSED_VARIABLE = YES;
				IPHONEOS_DEPLOYMENT_TARGET = 17.2;
				LOCALIZATION_PREFERS_STRING_CATALOGS = YES;
				MTL_ENABLE_DEBUG_INFO = INCLUDE_SOURCE;
				MTL_FAST_MATH = YES;
				ONLY_ACTIVE_ARCH = YES;
				SDKROOT = iphoneos;
				SWIFT_ACTIVE_COMPILATION_CONDITIONS = "DEBUG $(inherited)";
				SWIFT_OPTIMIZATION_LEVEL = "-Onone";
			};
			name = Debug;
		};
		8CAAB91E2CC83BE3008D7A3E /* Release */ = {
			isa = XCBuildConfiguration;
			buildSettings = {
				ALWAYS_SEARCH_USER_PATHS = NO;
				ASSETCATALOG_COMPILER_GENERATE_SWIFT_ASSET_SYMBOL_EXTENSIONS = YES;
				CLANG_ANALYZER_NONNULL = YES;
				CLANG_ANALYZER_NUMBER_OBJECT_CONVERSION = YES_AGGRESSIVE;
				CLANG_CXX_LANGUAGE_STANDARD = "gnu++20";
				CLANG_ENABLE_MODULES = YES;
				CLANG_ENABLE_OBJC_ARC = YES;
				CLANG_ENABLE_OBJC_WEAK = YES;
				CLANG_WARN_BLOCK_CAPTURE_AUTORELEASING = YES;
				CLANG_WARN_BOOL_CONVERSION = YES;
				CLANG_WARN_COMMA = YES;
				CLANG_WARN_CONSTANT_CONVERSION = YES;
				CLANG_WARN_DEPRECATED_OBJC_IMPLEMENTATIONS = YES;
				CLANG_WARN_DIRECT_OBJC_ISA_USAGE = YES_ERROR;
				CLANG_WARN_DOCUMENTATION_COMMENTS = YES;
				CLANG_WARN_EMPTY_BODY = YES;
				CLANG_WARN_ENUM_CONVERSION = YES;
				CLANG_WARN_INFINITE_RECURSION = YES;
				CLANG_WARN_INT_CONVERSION = YES;
				CLANG_WARN_NON_LITERAL_NULL_CONVERSION = YES;
				CLANG_WARN_OBJC_IMPLICIT_RETAIN_SELF = YES;
				CLANG_WARN_OBJC_LITERAL_CONVERSION = YES;
				CLANG_WARN_OBJC_ROOT_CLASS = YES_ERROR;
				CLANG_WARN_QUOTED_INCLUDE_IN_FRAMEWORK_HEADER = YES;
				CLANG_WARN_RANGE_LOOP_ANALYSIS = YES;
				CLANG_WARN_STRICT_PROTOTYPES = YES;
				CLANG_WARN_SUSPICIOUS_MOVE = YES;
				CLANG_WARN_UNGUARDED_AVAILABILITY = YES_AGGRESSIVE;
				CLANG_WARN_UNREACHABLE_CODE = YES;
				CLANG_WARN__DUPLICATE_METHOD_MATCH = YES;
				COPY_PHASE_STRIP = NO;
				DEBUG_INFORMATION_FORMAT = "dwarf-with-dsym";
				ENABLE_NS_ASSERTIONS = NO;
				ENABLE_STRICT_OBJC_MSGSEND = YES;
				ENABLE_USER_SCRIPT_SANDBOXING = YES;
				GCC_C_LANGUAGE_STANDARD = gnu17;
				GCC_NO_COMMON_BLOCKS = YES;
				GCC_WARN_64_TO_32_BIT_CONVERSION = YES;
				GCC_WARN_ABOUT_RETURN_TYPE = YES_ERROR;
				GCC_WARN_UNDECLARED_SELECTOR = YES;
				GCC_WARN_UNINITIALIZED_AUTOS = YES_AGGRESSIVE;
				GCC_WARN_UNUSED_FUNCTION = YES;
				GCC_WARN_UNUSED_VARIABLE = YES;
				IPHONEOS_DEPLOYMENT_TARGET = 17.2;
				LOCALIZATION_PREFERS_STRING_CATALOGS = YES;
				MTL_ENABLE_DEBUG_INFO = NO;
				MTL_FAST_MATH = YES;
				SDKROOT = iphoneos;
				SWIFT_COMPILATION_MODE = wholemodule;
				VALIDATE_PRODUCT = YES;
			};
			name = Release;
		};
		8CAAB9202CC83BE3008D7A3E /* Debug */ = {
			isa = XCBuildConfiguration;
			buildSettings = {
				ASSETCATALOG_COMPILER_APPICON_NAME = AppIcon;
				ASSETCATALOG_COMPILER_GLOBAL_ACCENT_COLOR_NAME = AccentColor;
				CODE_SIGN_STYLE = Automatic;
				CURRENT_PROJECT_VERSION = 1;
				DEVELOPMENT_TEAM = 6PGX42V9KX;
				GENERATE_INFOPLIST_FILE = YES;
				INFOPLIST_FILE = EggTimer/Info.plist;
				INFOPLIST_KEY_UIApplicationSupportsIndirectInputEvents = YES;
				INFOPLIST_KEY_UILaunchStoryboardName = LaunchScreen;
				INFOPLIST_KEY_UIMainStoryboardFile = Main;
				INFOPLIST_KEY_UISupportedInterfaceOrientations_iPad = "UIInterfaceOrientationPortrait UIInterfaceOrientationPortraitUpsideDown UIInterfaceOrientationLandscapeLeft UIInterfaceOrientationLandscapeRight";
				INFOPLIST_KEY_UISupportedInterfaceOrientations_iPhone = "UIInterfaceOrientationPortrait UIInterfaceOrientationLandscapeLeft UIInterfaceOrientationLandscapeRight";
				LD_RUNPATH_SEARCH_PATHS = (
					"$(inherited)",
					"@executable_path/Frameworks",
				);
				MARKETING_VERSION = 1.0;
				PRODUCT_BUNDLE_IDENTIFIER = "-23.EggTimer";
				PRODUCT_NAME = "$(TARGET_NAME)";
				SWIFT_EMIT_LOC_STRINGS = YES;
				SWIFT_VERSION = 5.0;
				TARGETED_DEVICE_FAMILY = "1,2";
			};
			name = Debug;
		};
		8CAAB9212CC83BE3008D7A3E /* Release */ = {
			isa = XCBuildConfiguration;
			buildSettings = {
				ASSETCATALOG_COMPILER_APPICON_NAME = AppIcon;
				ASSETCATALOG_COMPILER_GLOBAL_ACCENT_COLOR_NAME = AccentColor;
				CODE_SIGN_STYLE = Automatic;
				CURRENT_PROJECT_VERSION = 1;
				DEVELOPMENT_TEAM = 6PGX42V9KX;
				GENERATE_INFOPLIST_FILE = YES;
				INFOPLIST_FILE = EggTimer/Info.plist;
				INFOPLIST_KEY_UIApplicationSupportsIndirectInputEvents = YES;
				INFOPLIST_KEY_UILaunchStoryboardName = LaunchScreen;
				INFOPLIST_KEY_UIMainStoryboardFile = Main;
				INFOPLIST_KEY_UISupportedInterfaceOrientations_iPad = "UIInterfaceOrientationPortrait UIInterfaceOrientationPortraitUpsideDown UIInterfaceOrientationLandscapeLeft UIInterfaceOrientationLandscapeRight";
				INFOPLIST_KEY_UISupportedInterfaceOrientations_iPhone = "UIInterfaceOrientationPortrait UIInterfaceOrientationLandscapeLeft UIInterfaceOrientationLandscapeRight";
				LD_RUNPATH_SEARCH_PATHS = (
					"$(inherited)",
					"@executable_path/Frameworks",
				);
				MARKETING_VERSION = 1.0;
				PRODUCT_BUNDLE_IDENTIFIER = "-23.EggTimer";
				PRODUCT_NAME = "$(TARGET_NAME)";
				SWIFT_EMIT_LOC_STRINGS = YES;
				SWIFT_VERSION = 5.0;
				TARGETED_DEVICE_FAMILY = "1,2";
			};
			name = Release;
		};
		8CAAB9232CC83BE3008D7A3E /* Debug */ = {
			isa = XCBuildConfiguration;
			buildSettings = {
				ALWAYS_EMBED_SWIFT_STANDARD_LIBRARIES = YES;
				BUNDLE_LOADER = "$(TEST_HOST)";
				CODE_SIGN_STYLE = Automatic;
				CURRENT_PROJECT_VERSION = 1;
				DEVELOPMENT_TEAM = 6PGX42V9KX;
				GENERATE_INFOPLIST_FILE = YES;
				IPHONEOS_DEPLOYMENT_TARGET = 17.2;
				MARKETING_VERSION = 1.0;
				PRODUCT_BUNDLE_IDENTIFIER = "-23.EggTimerTests";
				PRODUCT_NAME = "$(TARGET_NAME)";
				SWIFT_EMIT_LOC_STRINGS = NO;
				SWIFT_VERSION = 5.0;
				TARGETED_DEVICE_FAMILY = "1,2";
				TEST_HOST = "$(BUILT_PRODUCTS_DIR)/EggTimer.app/$(BUNDLE_EXECUTABLE_FOLDER_PATH)/EggTimer";
			};
			name = Debug;
		};
		8CAAB9242CC83BE3008D7A3E /* Release */ = {
			isa = XCBuildConfiguration;
			buildSettings = {
				ALWAYS_EMBED_SWIFT_STANDARD_LIBRARIES = YES;
				BUNDLE_LOADER = "$(TEST_HOST)";
				CODE_SIGN_STYLE = Automatic;
				CURRENT_PROJECT_VERSION = 1;
				DEVELOPMENT_TEAM = 6PGX42V9KX;
				GENERATE_INFOPLIST_FILE = YES;
				IPHONEOS_DEPLOYMENT_TARGET = 17.2;
				MARKETING_VERSION = 1.0;
				PRODUCT_BUNDLE_IDENTIFIER = "-23.EggTimerTests";
				PRODUCT_NAME = "$(TARGET_NAME)";
				SWIFT_EMIT_LOC_STRINGS = NO;
				SWIFT_VERSION = 5.0;
				TARGETED_DEVICE_FAMILY = "1,2";
				TEST_HOST = "$(BUILT_PRODUCTS_DIR)/EggTimer.app/$(BUNDLE_EXECUTABLE_FOLDER_PATH)/EggTimer";
			};
			name = Release;
		};
		8CAAB9262CC83BE3008D7A3E /* Debug */ = {
			isa = XCBuildConfiguration;
			buildSettings = {
				ALWAYS_EMBED_SWIFT_STANDARD_LIBRARIES = YES;
				CODE_SIGN_STYLE = Automatic;
				CURRENT_PROJECT_VERSION = 1;
				DEVELOPMENT_TEAM = 6PGX42V9KX;
				GENERATE_INFOPLIST_FILE = YES;
				MARKETING_VERSION = 1.0;
				PRODUCT_BUNDLE_IDENTIFIER = "-23.EggTimerUITests";
				PRODUCT_NAME = "$(TARGET_NAME)";
				SWIFT_EMIT_LOC_STRINGS = NO;
				SWIFT_VERSION = 5.0;
				TARGETED_DEVICE_FAMILY = "1,2";
				TEST_TARGET_NAME = EggTimer;
			};
			name = Debug;
		};
		8CAAB9272CC83BE3008D7A3E /* Release */ = {
			isa = XCBuildConfiguration;
			buildSettings = {
				ALWAYS_EMBED_SWIFT_STANDARD_LIBRARIES = YES;
				CODE_SIGN_STYLE = Automatic;
				CURRENT_PROJECT_VERSION = 1;
				DEVELOPMENT_TEAM = 6PGX42V9KX;
				GENERATE_INFOPLIST_FILE = YES;
				MARKETING_VERSION = 1.0;
				PRODUCT_BUNDLE_IDENTIFIER = "-23.EggTimerUITests";
				PRODUCT_NAME = "$(TARGET_NAME)";
				SWIFT_EMIT_LOC_STRINGS = NO;
				SWIFT_VERSION = 5.0;
				TARGETED_DEVICE_FAMILY = "1,2";
				TEST_TARGET_NAME = EggTimer;
			};
			name = Release;
		};
/* End XCBuildConfiguration section */

/* Begin XCConfigurationList section */
		8CAAB8F02CC83BE2008D7A3E /* Build configuration list for PBXProject "EggTimer" */ = {
			isa = XCConfigurationList;
			buildConfigurations = (
				8CAAB91D2CC83BE3008D7A3E /* Debug */,
				8CAAB91E2CC83BE3008D7A3E /* Release */,
			);
			defaultConfigurationIsVisible = 0;
			defaultConfigurationName = Release;
		};
		8CAAB91F2CC83BE3008D7A3E /* Build configuration list for PBXNativeTarget "EggTimer" */ = {
			isa = XCConfigurationList;
			buildConfigurations = (
				8CAAB9202CC83BE3008D7A3E /* Debug */,
				8CAAB9212CC83BE3008D7A3E /* Release */,
			);
			defaultConfigurationIsVisible = 0;
			defaultConfigurationName = Release;
		};
		8CAAB9222CC83BE3008D7A3E /* Build configuration list for PBXNativeTarget "EggTimerTests" */ = {
			isa = XCConfigurationList;
			buildConfigurations = (
				8CAAB9232CC83BE3008D7A3E /* Debug */,
				8CAAB9242CC83BE3008D7A3E /* Release */,
			);
			defaultConfigurationIsVisible = 0;
			defaultConfigurationName = Release;
		};
		8CAAB9252CC83BE3008D7A3E /* Build configuration list for PBXNativeTarget "EggTimerUITests" */ = {
			isa = XCConfigurationList;
			buildConfigurations = (
				8CAAB9262CC83BE3008D7A3E /* Debug */,
				8CAAB9272CC83BE3008D7A3E /* Release */,
			);
			defaultConfigurationIsVisible = 0;
			defaultConfigurationName = Release;
		};
/* End XCConfigurationList section */
	};
	rootObject = 8CAAB8ED2CC83BE2008D7A3E /* Project object */;
}
