// !$*UTF8*$!
{
	archiveVersion = 1;
	classes = {
	};
	objectVersion = 56;
	objects = {

/* Begin PBXBuildFile section */
		8C23A8412CF8FF640026DB2A /* AppDelegate.swift in Sources */ = {isa = PBXBuildFile; fileRef = 8C23A8402CF8FF640026DB2A /* AppDelegate.swift */; };
		8C23A8432CF8FF640026DB2A /* SceneDelegate.swift in Sources */ = {isa = PBXBuildFile; fileRef = 8C23A8422CF8FF640026DB2A /* SceneDelegate.swift */; };
		8C23A8452CF8FF640026DB2A /* ViewController.swift in Sources */ = {isa = PBXBuildFile; fileRef = 8C23A8442CF8FF640026DB2A /* ViewController.swift */; };
		8C23A8482CF8FF640026DB2A /* Main.storyboard in Resources */ = {isa = PBXBuildFile; fileRef = 8C23A8462CF8FF640026DB2A /* Main.storyboard */; };
		8C23A84A2CF8FF650026DB2A /* Assets.xcassets in Resources */ = {isa = PBXBuildFile; fileRef = 8C23A8492CF8FF650026DB2A /* Assets.xcassets */; };
		8C23A84D2CF8FF650026DB2A /* LaunchScreen.storyboard in Resources */ = {isa = PBXBuildFile; fileRef = 8C23A84B2CF8FF650026DB2A /* LaunchScreen.storyboard */; };
		8C23A8582CF8FF650026DB2A /* SuperheroRandomizer2Tests.swift in Sources */ = {isa = PBXBuildFile; fileRef = 8C23A8572CF8FF650026DB2A /* SuperheroRandomizer2Tests.swift */; };
		8C23A8622CF8FF650026DB2A /* SuperheroRandomizer2UITests.swift in Sources */ = {isa = PBXBuildFile; fileRef = 8C23A8612CF8FF650026DB2A /* SuperheroRandomizer2UITests.swift */; };
		8C23A8642CF8FF650026DB2A /* SuperheroRandomizer2UITestsLaunchTests.swift in Sources */ = {isa = PBXBuildFile; fileRef = 8C23A8632CF8FF650026DB2A /* SuperheroRandomizer2UITestsLaunchTests.swift */; };
		8C23A8732CF8FFEB0026DB2A /* Kingfisher in Frameworks */ = {isa = PBXBuildFile; productRef = 8C23A8722CF8FFEB0026DB2A /* Kingfisher */; };
		8C23A8752CF90A420026DB2A /* NetworkManager.swift in Sources */ = {isa = PBXBuildFile; fileRef = 8C23A8742CF90A420026DB2A /* NetworkManager.swift */; };
		8C23A8772CF90EB20026DB2A /* Alamofire in Frameworks */ = {isa = PBXBuildFile; productRef = 8C23A8762CF90EB20026DB2A /* Alamofire */; };
		8C23A8792CF9126A0026DB2A /* AlamofireDynamic in Frameworks */ = {isa = PBXBuildFile; productRef = 8C23A8782CF9126A0026DB2A /* AlamofireDynamic */; };
/* End PBXBuildFile section */

/* Begin PBXContainerItemProxy section */
		8C23A8542CF8FF650026DB2A /* PBXContainerItemProxy */ = {
			isa = PBXContainerItemProxy;
			containerPortal = 8C23A8352CF8FF640026DB2A /* Project object */;
			proxyType = 1;
			remoteGlobalIDString = 8C23A83C2CF8FF640026DB2A;
			remoteInfo = SuperheroRandomizer2;
		};
		8C23A85E2CF8FF650026DB2A /* PBXContainerItemProxy */ = {
			isa = PBXContainerItemProxy;
			containerPortal = 8C23A8352CF8FF640026DB2A /* Project object */;
			proxyType = 1;
			remoteGlobalIDString = 8C23A83C2CF8FF640026DB2A;
			remoteInfo = SuperheroRandomizer2;
		};
/* End PBXContainerItemProxy section */

/* Begin PBXFileReference section */
		8C23A83D2CF8FF640026DB2A /* SuperheroRandomizer2.app */ = {isa = PBXFileReference; explicitFileType = wrapper.application; includeInIndex = 0; path = SuperheroRandomizer2.app; sourceTree = BUILT_PRODUCTS_DIR; };
		8C23A8402CF8FF640026DB2A /* AppDelegate.swift */ = {isa = PBXFileReference; lastKnownFileType = sourcecode.swift; path = AppDelegate.swift; sourceTree = "<group>"; };
		8C23A8422CF8FF640026DB2A /* SceneDelegate.swift */ = {isa = PBXFileReference; lastKnownFileType = sourcecode.swift; path = SceneDelegate.swift; sourceTree = "<group>"; };
		8C23A8442CF8FF640026DB2A /* ViewController.swift */ = {isa = PBXFileReference; lastKnownFileType = sourcecode.swift; path = ViewController.swift; sourceTree = "<group>"; };
		8C23A8472CF8FF640026DB2A /* Base */ = {isa = PBXFileReference; lastKnownFileType = file.storyboard; name = Base; path = Base.lproj/Main.storyboard; sourceTree = "<group>"; };
		8C23A8492CF8FF650026DB2A /* Assets.xcassets */ = {isa = PBXFileReference; lastKnownFileType = folder.assetcatalog; path = Assets.xcassets; sourceTree = "<group>"; };
		8C23A84C2CF8FF650026DB2A /* Base */ = {isa = PBXFileReference; lastKnownFileType = file.storyboard; name = Base; path = Base.lproj/LaunchScreen.storyboard; sourceTree = "<group>"; };
		8C23A84E2CF8FF650026DB2A /* Info.plist */ = {isa = PBXFileReference; lastKnownFileType = text.plist.xml; path = Info.plist; sourceTree = "<group>"; };
		8C23A8532CF8FF650026DB2A /* SuperheroRandomizer2Tests.xctest */ = {isa = PBXFileReference; explicitFileType = wrapper.cfbundle; includeInIndex = 0; path = SuperheroRandomizer2Tests.xctest; sourceTree = BUILT_PRODUCTS_DIR; };
		8C23A8572CF8FF650026DB2A /* SuperheroRandomizer2Tests.swift */ = {isa = PBXFileReference; lastKnownFileType = sourcecode.swift; path = SuperheroRandomizer2Tests.swift; sourceTree = "<group>"; };
		8C23A85D2CF8FF650026DB2A /* SuperheroRandomizer2UITests.xctest */ = {isa = PBXFileReference; explicitFileType = wrapper.cfbundle; includeInIndex = 0; path = SuperheroRandomizer2UITests.xctest; sourceTree = BUILT_PRODUCTS_DIR; };
		8C23A8612CF8FF650026DB2A /* SuperheroRandomizer2UITests.swift */ = {isa = PBXFileReference; lastKnownFileType = sourcecode.swift; path = SuperheroRandomizer2UITests.swift; sourceTree = "<group>"; };
		8C23A8632CF8FF650026DB2A /* SuperheroRandomizer2UITestsLaunchTests.swift */ = {isa = PBXFileReference; lastKnownFileType = sourcecode.swift; path = SuperheroRandomizer2UITestsLaunchTests.swift; sourceTree = "<group>"; };
		8C23A8742CF90A420026DB2A /* NetworkManager.swift */ = {isa = PBXFileReference; lastKnownFileType = sourcecode.swift; path = NetworkManager.swift; sourceTree = "<group>"; };
/* End PBXFileReference section */

/* Begin PBXFrameworksBuildPhase section */
		8C23A83A2CF8FF640026DB2A /* Frameworks */ = {
			isa = PBXFrameworksBuildPhase;
			buildActionMask = 2147483647;
			files = (
				8C23A8732CF8FFEB0026DB2A /* Kingfisher in Frameworks */,
				8C23A8792CF9126A0026DB2A /* AlamofireDynamic in Frameworks */,
				8C23A8772CF90EB20026DB2A /* Alamofire in Frameworks */,
			);
			runOnlyForDeploymentPostprocessing = 0;
		};
		8C23A8502CF8FF650026DB2A /* Frameworks */ = {
			isa = PBXFrameworksBuildPhase;
			buildActionMask = 2147483647;
			files = (
			);
			runOnlyForDeploymentPostprocessing = 0;
		};
		8C23A85A2CF8FF650026DB2A /* Frameworks */ = {
			isa = PBXFrameworksBuildPhase;
			buildActionMask = 2147483647;
			files = (
			);
			runOnlyForDeploymentPostprocessing = 0;
		};
/* End PBXFrameworksBuildPhase section */

/* Begin PBXGroup section */
		8C23A8342CF8FF640026DB2A = {
			isa = PBXGroup;
			children = (
				8C23A83F2CF8FF640026DB2A /* SuperheroRandomizer2 */,
				8C23A8562CF8FF650026DB2A /* SuperheroRandomizer2Tests */,
				8C23A8602CF8FF650026DB2A /* SuperheroRandomizer2UITests */,
				8C23A83E2CF8FF640026DB2A /* Products */,
			);
			sourceTree = "<group>";
		};
		8C23A83E2CF8FF640026DB2A /* Products */ = {
			isa = PBXGroup;
			children = (
				8C23A83D2CF8FF640026DB2A /* SuperheroRandomizer2.app */,
				8C23A8532CF8FF650026DB2A /* SuperheroRandomizer2Tests.xctest */,
				8C23A85D2CF8FF650026DB2A /* SuperheroRandomizer2UITests.xctest */,
			);
			name = Products;
			sourceTree = "<group>";
		};
		8C23A83F2CF8FF640026DB2A /* SuperheroRandomizer2 */ = {
			isa = PBXGroup;
			children = (
				8C23A8402CF8FF640026DB2A /* AppDelegate.swift */,
				8C23A8422CF8FF640026DB2A /* SceneDelegate.swift */,
				8C23A8442CF8FF640026DB2A /* ViewController.swift */,
				8C23A8462CF8FF640026DB2A /* Main.storyboard */,
				8C23A8492CF8FF650026DB2A /* Assets.xcassets */,
				8C23A84B2CF8FF650026DB2A /* LaunchScreen.storyboard */,
				8C23A84E2CF8FF650026DB2A /* Info.plist */,
				8C23A8742CF90A420026DB2A /* NetworkManager.swift */,
			);
			path = SuperheroRandomizer2;
			sourceTree = "<group>";
		};
		8C23A8562CF8FF650026DB2A /* SuperheroRandomizer2Tests */ = {
			isa = PBXGroup;
			children = (
				8C23A8572CF8FF650026DB2A /* SuperheroRandomizer2Tests.swift */,
			);
			path = SuperheroRandomizer2Tests;
			sourceTree = "<group>";
		};
		8C23A8602CF8FF650026DB2A /* SuperheroRandomizer2UITests */ = {
			isa = PBXGroup;
			children = (
				8C23A8612CF8FF650026DB2A /* SuperheroRandomizer2UITests.swift */,
				8C23A8632CF8FF650026DB2A /* SuperheroRandomizer2UITestsLaunchTests.swift */,
			);
			path = SuperheroRandomizer2UITests;
			sourceTree = "<group>";
		};
/* End PBXGroup section */

/* Begin PBXNativeTarget section */
		8C23A83C2CF8FF640026DB2A /* SuperheroRandomizer2 */ = {
			isa = PBXNativeTarget;
			buildConfigurationList = 8C23A8672CF8FF650026DB2A /* Build configuration list for PBXNativeTarget "SuperheroRandomizer2" */;
			buildPhases = (
				8C23A8392CF8FF640026DB2A /* Sources */,
				8C23A83A2CF8FF640026DB2A /* Frameworks */,
				8C23A83B2CF8FF640026DB2A /* Resources */,
			);
			buildRules = (
			);
			dependencies = (
			);
			name = SuperheroRandomizer2;
			packageProductDependencies = (
				8C23A8722CF8FFEB0026DB2A /* Kingfisher */,
				8C23A8762CF90EB20026DB2A /* Alamofire */,
				8C23A8782CF9126A0026DB2A /* AlamofireDynamic */,
			);
			productName = SuperheroRandomizer2;
			productReference = 8C23A83D2CF8FF640026DB2A /* SuperheroRandomizer2.app */;
			productType = "com.apple.product-type.application";
		};
		8C23A8522CF8FF650026DB2A /* SuperheroRandomizer2Tests */ = {
			isa = PBXNativeTarget;
			buildConfigurationList = 8C23A86A2CF8FF650026DB2A /* Build configuration list for PBXNativeTarget "SuperheroRandomizer2Tests" */;
			buildPhases = (
				8C23A84F2CF8FF650026DB2A /* Sources */,
				8C23A8502CF8FF650026DB2A /* Frameworks */,
				8C23A8512CF8FF650026DB2A /* Resources */,
			);
			buildRules = (
			);
			dependencies = (
				8C23A8552CF8FF650026DB2A /* PBXTargetDependency */,
			);
			name = SuperheroRandomizer2Tests;
			productName = SuperheroRandomizer2Tests;
			productReference = 8C23A8532CF8FF650026DB2A /* SuperheroRandomizer2Tests.xctest */;
			productType = "com.apple.product-type.bundle.unit-test";
		};
		8C23A85C2CF8FF650026DB2A /* SuperheroRandomizer2UITests */ = {
			isa = PBXNativeTarget;
			buildConfigurationList = 8C23A86D2CF8FF650026DB2A /* Build configuration list for PBXNativeTarget "SuperheroRandomizer2UITests" */;
			buildPhases = (
				8C23A8592CF8FF650026DB2A /* Sources */,
				8C23A85A2CF8FF650026DB2A /* Frameworks */,
				8C23A85B2CF8FF650026DB2A /* Resources */,
			);
			buildRules = (
			);
			dependencies = (
				8C23A85F2CF8FF650026DB2A /* PBXTargetDependency */,
			);
			name = SuperheroRandomizer2UITests;
			productName = SuperheroRandomizer2UITests;
			productReference = 8C23A85D2CF8FF650026DB2A /* SuperheroRandomizer2UITests.xctest */;
			productType = "com.apple.product-type.bundle.ui-testing";
		};
/* End PBXNativeTarget section */

/* Begin PBXProject section */
		8C23A8352CF8FF640026DB2A /* Project object */ = {
			isa = PBXProject;
			attributes = {
				BuildIndependentTargetsInParallel = 1;
				LastSwiftUpdateCheck = 1520;
				LastUpgradeCheck = 1520;
				TargetAttributes = {
					8C23A83C2CF8FF640026DB2A = {
						CreatedOnToolsVersion = 15.2;
					};
					8C23A8522CF8FF650026DB2A = {
						CreatedOnToolsVersion = 15.2;
						TestTargetID = 8C23A83C2CF8FF640026DB2A;
					};
					8C23A85C2CF8FF650026DB2A = {
						CreatedOnToolsVersion = 15.2;
						TestTargetID = 8C23A83C2CF8FF640026DB2A;
					};
				};
			};
			buildConfigurationList = 8C23A8382CF8FF640026DB2A /* Build configuration list for PBXProject "SuperheroRandomizer2" */;
			compatibilityVersion = "Xcode 14.0";
			developmentRegion = en;
			hasScannedForEncodings = 0;
			knownRegions = (
				en,
				Base,
			);
			mainGroup = 8C23A8342CF8FF640026DB2A;
			packageReferences = (
				8C23A8702CF8FFC80026DB2A /* XCRemoteSwiftPackageReference "Alamofire" */,
				8C23A8712CF8FFEB0026DB2A /* XCRemoteSwiftPackageReference "Kingfisher" */,
			);
			productRefGroup = 8C23A83E2CF8FF640026DB2A /* Products */;
			projectDirPath = "";
			projectRoot = "";
			targets = (
				8C23A83C2CF8FF640026DB2A /* SuperheroRandomizer2 */,
				8C23A8522CF8FF650026DB2A /* SuperheroRandomizer2Tests */,
				8C23A85C2CF8FF650026DB2A /* SuperheroRandomizer2UITests */,
			);
		};
/* End PBXProject section */

/* Begin PBXResourcesBuildPhase section */
		8C23A83B2CF8FF640026DB2A /* Resources */ = {
			isa = PBXResourcesBuildPhase;
			buildActionMask = 2147483647;
			files = (
				8C23A84D2CF8FF650026DB2A /* LaunchScreen.storyboard in Resources */,
				8C23A84A2CF8FF650026DB2A /* Assets.xcassets in Resources */,
				8C23A8482CF8FF640026DB2A /* Main.storyboard in Resources */,
			);
			runOnlyForDeploymentPostprocessing = 0;
		};
		8C23A8512CF8FF650026DB2A /* Resources */ = {
			isa = PBXResourcesBuildPhase;
			buildActionMask = 2147483647;
			files = (
			);
			runOnlyForDeploymentPostprocessing = 0;
		};
		8C23A85B2CF8FF650026DB2A /* Resources */ = {
			isa = PBXResourcesBuildPhase;
			buildActionMask = 2147483647;
			files = (
			);
			runOnlyForDeploymentPostprocessing = 0;
		};
/* End PBXResourcesBuildPhase section */

/* Begin PBXSourcesBuildPhase section */
		8C23A8392CF8FF640026DB2A /* Sources */ = {
			isa = PBXSourcesBuildPhase;
			buildActionMask = 2147483647;
			files = (
				8C23A8752CF90A420026DB2A /* NetworkManager.swift in Sources */,
				8C23A8452CF8FF640026DB2A /* ViewController.swift in Sources */,
				8C23A8412CF8FF640026DB2A /* AppDelegate.swift in Sources */,
				8C23A8432CF8FF640026DB2A /* SceneDelegate.swift in Sources */,
			);
			runOnlyForDeploymentPostprocessing = 0;
		};
		8C23A84F2CF8FF650026DB2A /* Sources */ = {
			isa = PBXSourcesBuildPhase;
			buildActionMask = 2147483647;
			files = (
				8C23A8582CF8FF650026DB2A /* SuperheroRandomizer2Tests.swift in Sources */,
			);
			runOnlyForDeploymentPostprocessing = 0;
		};
		8C23A8592CF8FF650026DB2A /* Sources */ = {
			isa = PBXSourcesBuildPhase;
			buildActionMask = 2147483647;
			files = (
				8C23A8642CF8FF650026DB2A /* SuperheroRandomizer2UITestsLaunchTests.swift in Sources */,
				8C23A8622CF8FF650026DB2A /* SuperheroRandomizer2UITests.swift in Sources */,
			);
			runOnlyForDeploymentPostprocessing = 0;
		};
/* End PBXSourcesBuildPhase section */

/* Begin PBXTargetDependency section */
		8C23A8552CF8FF650026DB2A /* PBXTargetDependency */ = {
			isa = PBXTargetDependency;
			target = 8C23A83C2CF8FF640026DB2A /* SuperheroRandomizer2 */;
			targetProxy = 8C23A8542CF8FF650026DB2A /* PBXContainerItemProxy */;
		};
		8C23A85F2CF8FF650026DB2A /* PBXTargetDependency */ = {
			isa = PBXTargetDependency;
			target = 8C23A83C2CF8FF640026DB2A /* SuperheroRandomizer2 */;
			targetProxy = 8C23A85E2CF8FF650026DB2A /* PBXContainerItemProxy */;
		};
/* End PBXTargetDependency section */

/* Begin PBXVariantGroup section */
		8C23A8462CF8FF640026DB2A /* Main.storyboard */ = {
			isa = PBXVariantGroup;
			children = (
				8C23A8472CF8FF640026DB2A /* Base */,
			);
			name = Main.storyboard;
			sourceTree = "<group>";
		};
		8C23A84B2CF8FF650026DB2A /* LaunchScreen.storyboard */ = {
			isa = PBXVariantGroup;
			children = (
				8C23A84C2CF8FF650026DB2A /* Base */,
			);
			name = LaunchScreen.storyboard;
			sourceTree = "<group>";
		};
/* End PBXVariantGroup section */

/* Begin XCBuildConfiguration section */
		8C23A8652CF8FF650026DB2A /* Debug */ = {
			isa = XCBuildConfiguration;
			buildSettings = {
				ALWAYS_SEARCH_USER_PATHS = NO;
				ASSETCATALOG_COMPILER_GENERATE_SWIFT_ASSET_SYMBOL_EXTENSIONS = YES;
				CLANG_ANALYZER_NONNULL = YES;
				CLANG_ANALYZER_NUMBER_OBJECT_CONVERSION = YES_AGGRESSIVE;
				CLANG_CXX_LANGUAGE_STANDARD = "gnu++20";
				CLANG_ENABLE_MODULES = YES;
				CLANG_ENABLE_OBJC_ARC = YES;
				CLANG_ENABLE_OBJC_WEAK = YES;
				CLANG_WARN_BLOCK_CAPTURE_AUTORELEASING = YES;
				CLANG_WARN_BOOL_CONVERSION = YES;
				CLANG_WARN_COMMA = YES;
				CLANG_WARN_CONSTANT_CONVERSION = YES;
				CLANG_WARN_DEPRECATED_OBJC_IMPLEMENTATIONS = YES;
				CLANG_WARN_DIRECT_OBJC_ISA_USAGE = YES_ERROR;
				CLANG_WARN_DOCUMENTATION_COMMENTS = YES;
				CLANG_WARN_EMPTY_BODY = YES;
				CLANG_WARN_ENUM_CONVERSION = YES;
				CLANG_WARN_INFINITE_RECURSION = YES;
				CLANG_WARN_INT_CONVERSION = YES;
				CLANG_WARN_NON_LITERAL_NULL_CONVERSION = YES;
				CLANG_WARN_OBJC_IMPLICIT_RETAIN_SELF = YES;
				CLANG_WARN_OBJC_LITERAL_CONVERSION = YES;
				CLANG_WARN_OBJC_ROOT_CLASS = YES_ERROR;
				CLANG_WARN_QUOTED_INCLUDE_IN_FRAMEWORK_HEADER = YES;
				CLANG_WARN_RANGE_LOOP_ANALYSIS = YES;
				CLANG_WARN_STRICT_PROTOTYPES = YES;
				CLANG_WARN_SUSPICIOUS_MOVE = YES;
				CLANG_WARN_UNGUARDED_AVAILABILITY = YES_AGGRESSIVE;
				CLANG_WARN_UNREACHABLE_CODE = YES;
				CLANG_WARN__DUPLICATE_METHOD_MATCH = YES;
				COPY_PHASE_STRIP = NO;
				DEBUG_INFORMATION_FORMAT = dwarf;
				ENABLE_STRICT_OBJC_MSGSEND = YES;
				ENABLE_TESTABILITY = YES;
				ENABLE_USER_SCRIPT_SANDBOXING = YES;
				GCC_C_LANGUAGE_STANDARD = gnu17;
				GCC_DYNAMIC_NO_PIC = NO;
				GCC_NO_COMMON_BLOCKS = YES;
				GCC_OPTIMIZATION_LEVEL = 0;
				GCC_PREPROCESSOR_DEFINITIONS = (
					"DEBUG=1",
					"$(inherited)",
				);
				GCC_WARN_64_TO_32_BIT_CONVERSION = YES;
				GCC_WARN_ABOUT_RETURN_TYPE = YES_ERROR;
				GCC_WARN_UNDECLARED_SELECTOR = YES;
				GCC_WARN_UNINITIALIZED_AUTOS = YES_AGGRESSIVE;
				GCC_WARN_UNUSED_FUNCTION = YES;
				GCC_WARN_UNUSED_VARIABLE = YES;
				IPHONEOS_DEPLOYMENT_TARGET = 17.2;
				LOCALIZATION_PREFERS_STRING_CATALOGS = YES;
				MTL_ENABLE_DEBUG_INFO = INCLUDE_SOURCE;
				MTL_FAST_MATH = YES;
				ONLY_ACTIVE_ARCH = YES;
				SDKROOT = iphoneos;
				SWIFT_ACTIVE_COMPILATION_CONDITIONS = "DEBUG $(inherited)";
				SWIFT_OPTIMIZATION_LEVEL = "-Onone";
			};
			name = Debug;
		};
		8C23A8662CF8FF650026DB2A /* Release */ = {
			isa = XCBuildConfiguration;
			buildSettings = {
				ALWAYS_SEARCH_USER_PATHS = NO;
				ASSETCATALOG_COMPILER_GENERATE_SWIFT_ASSET_SYMBOL_EXTENSIONS = YES;
				CLANG_ANALYZER_NONNULL = YES;
				CLANG_ANALYZER_NUMBER_OBJECT_CONVERSION = YES_AGGRESSIVE;
				CLANG_CXX_LANGUAGE_STANDARD = "gnu++20";
				CLANG_ENABLE_MODULES = YES;
				CLANG_ENABLE_OBJC_ARC = YES;
				CLANG_ENABLE_OBJC_WEAK = YES;
				CLANG_WARN_BLOCK_CAPTURE_AUTORELEASING = YES;
				CLANG_WARN_BOOL_CONVERSION = YES;
				CLANG_WARN_COMMA = YES;
				CLANG_WARN_CONSTANT_CONVERSION = YES;
				CLANG_WARN_DEPRECATED_OBJC_IMPLEMENTATIONS = YES;
				CLANG_WARN_DIRECT_OBJC_ISA_USAGE = YES_ERROR;
				CLANG_WARN_DOCUMENTATION_COMMENTS = YES;
				CLANG_WARN_EMPTY_BODY = YES;
				CLANG_WARN_ENUM_CONVERSION = YES;
				CLANG_WARN_INFINITE_RECURSION = YES;
				CLANG_WARN_INT_CONVERSION = YES;
				CLANG_WARN_NON_LITERAL_NULL_CONVERSION = YES;
				CLANG_WARN_OBJC_IMPLICIT_RETAIN_SELF = YES;
				CLANG_WARN_OBJC_LITERAL_CONVERSION = YES;
				CLANG_WARN_OBJC_ROOT_CLASS = YES_ERROR;
				CLANG_WARN_QUOTED_INCLUDE_IN_FRAMEWORK_HEADER = YES;
				CLANG_WARN_RANGE_LOOP_ANALYSIS = YES;
				CLANG_WARN_STRICT_PROTOTYPES = YES;
				CLANG_WARN_SUSPICIOUS_MOVE = YES;
				CLANG_WARN_UNGUARDED_AVAILABILITY = YES_AGGRESSIVE;
				CLANG_WARN_UNREACHABLE_CODE = YES;
				CLANG_WARN__DUPLICATE_METHOD_MATCH = YES;
				COPY_PHASE_STRIP = NO;
				DEBUG_INFORMATION_FORMAT = "dwarf-with-dsym";
				ENABLE_NS_ASSERTIONS = NO;
				ENABLE_STRICT_OBJC_MSGSEND = YES;
				ENABLE_USER_SCRIPT_SANDBOXING = YES;
				GCC_C_LANGUAGE_STANDARD = gnu17;
				GCC_NO_COMMON_BLOCKS = YES;
				GCC_WARN_64_TO_32_BIT_CONVERSION = YES;
				GCC_WARN_ABOUT_RETURN_TYPE = YES_ERROR;
				GCC_WARN_UNDECLARED_SELECTOR = YES;
				GCC_WARN_UNINITIALIZED_AUTOS = YES_AGGRESSIVE;
				GCC_WARN_UNUSED_FUNCTION = YES;
				GCC_WARN_UNUSED_VARIABLE = YES;
				IPHONEOS_DEPLOYMENT_TARGET = 17.2;
				LOCALIZATION_PREFERS_STRING_CATALOGS = YES;
				MTL_ENABLE_DEBUG_INFO = NO;
				MTL_FAST_MATH = YES;
				SDKROOT = iphoneos;
				SWIFT_COMPILATION_MODE = wholemodule;
				VALIDATE_PRODUCT = YES;
			};
			name = Release;
		};
		8C23A8682CF8FF650026DB2A /* Debug */ = {
			isa = XCBuildConfiguration;
			buildSettings = {
				ASSETCATALOG_COMPILER_APPICON_NAME = AppIcon;
				ASSETCATALOG_COMPILER_GLOBAL_ACCENT_COLOR_NAME = AccentColor;
				CODE_SIGN_STYLE = Automatic;
				CURRENT_PROJECT_VERSION = 1;
				DEVELOPMENT_TEAM = 6PGX42V9KX;
				GENERATE_INFOPLIST_FILE = YES;
				INFOPLIST_FILE = SuperheroRandomizer2/Info.plist;
				INFOPLIST_KEY_UIApplicationSupportsIndirectInputEvents = YES;
				INFOPLIST_KEY_UILaunchStoryboardName = LaunchScreen;
				INFOPLIST_KEY_UIMainStoryboardFile = Main;
				INFOPLIST_KEY_UISupportedInterfaceOrientations_iPad = "UIInterfaceOrientationPortrait UIInterfaceOrientationPortraitUpsideDown UIInterfaceOrientationLandscapeLeft UIInterfaceOrientationLandscapeRight";
				INFOPLIST_KEY_UISupportedInterfaceOrientations_iPhone = "UIInterfaceOrientationPortrait UIInterfaceOrientationLandscapeLeft UIInterfaceOrientationLandscapeRight";
				LD_RUNPATH_SEARCH_PATHS = (
					"$(inherited)",
					"@executable_path/Frameworks",
				);
				MARKETING_VERSION = 1.0;
				PRODUCT_BUNDLE_IDENTIFIER = "-23.SuperheroRandomizer2";
				PRODUCT_NAME = "$(TARGET_NAME)";
				SWIFT_EMIT_LOC_STRINGS = YES;
				SWIFT_VERSION = 5.0;
				TARGETED_DEVICE_FAMILY = "1,2";
			};
			name = Debug;
		};
		8C23A8692CF8FF650026DB2A /* Release */ = {
			isa = XCBuildConfiguration;
			buildSettings = {
				ASSETCATALOG_COMPILER_APPICON_NAME = AppIcon;
				ASSETCATALOG_COMPILER_GLOBAL_ACCENT_COLOR_NAME = AccentColor;
				CODE_SIGN_STYLE = Automatic;
				CURRENT_PROJECT_VERSION = 1;
				DEVELOPMENT_TEAM = 6PGX42V9KX;
				GENERATE_INFOPLIST_FILE = YES;
				INFOPLIST_FILE = SuperheroRandomizer2/Info.plist;
				INFOPLIST_KEY_UIApplicationSupportsIndirectInputEvents = YES;
				INFOPLIST_KEY_UILaunchStoryboardName = LaunchScreen;
				INFOPLIST_KEY_UIMainStoryboardFile = Main;
				INFOPLIST_KEY_UISupportedInterfaceOrientations_iPad = "UIInterfaceOrientationPortrait UIInterfaceOrientationPortraitUpsideDown UIInterfaceOrientationLandscapeLeft UIInterfaceOrientationLandscapeRight";
				INFOPLIST_KEY_UISupportedInterfaceOrientations_iPhone = "UIInterfaceOrientationPortrait UIInterfaceOrientationLandscapeLeft UIInterfaceOrientationLandscapeRight";
				LD_RUNPATH_SEARCH_PATHS = (
					"$(inherited)",
					"@executable_path/Frameworks",
				);
				MARKETING_VERSION = 1.0;
				PRODUCT_BUNDLE_IDENTIFIER = "-23.SuperheroRandomizer2";
				PRODUCT_NAME = "$(TARGET_NAME)";
				SWIFT_EMIT_LOC_STRINGS = YES;
				SWIFT_VERSION = 5.0;
				TARGETED_DEVICE_FAMILY = "1,2";
			};
			name = Release;
		};
		8C23A86B2CF8FF650026DB2A /* Debug */ = {
			isa = XCBuildConfiguration;
			buildSettings = {
				ALWAYS_EMBED_SWIFT_STANDARD_LIBRARIES = YES;
				BUNDLE_LOADER = "$(TEST_HOST)";
				CODE_SIGN_STYLE = Automatic;
				CURRENT_PROJECT_VERSION = 1;
				DEVELOPMENT_TEAM = 6PGX42V9KX;
				GENERATE_INFOPLIST_FILE = YES;
				IPHONEOS_DEPLOYMENT_TARGET = 17.2;
				MARKETING_VERSION = 1.0;
				PRODUCT_BUNDLE_IDENTIFIER = "-23.SuperheroRandomizer2Tests";
				PRODUCT_NAME = "$(TARGET_NAME)";
				SWIFT_EMIT_LOC_STRINGS = NO;
				SWIFT_VERSION = 5.0;
				TARGETED_DEVICE_FAMILY = "1,2";
				TEST_HOST = "$(BUILT_PRODUCTS_DIR)/SuperheroRandomizer2.app/$(BUNDLE_EXECUTABLE_FOLDER_PATH)/SuperheroRandomizer2";
			};
			name = Debug;
		};
		8C23A86C2CF8FF650026DB2A /* Release */ = {
			isa = XCBuildConfiguration;
			buildSettings = {
				ALWAYS_EMBED_SWIFT_STANDARD_LIBRARIES = YES;
				BUNDLE_LOADER = "$(TEST_HOST)";
				CODE_SIGN_STYLE = Automatic;
				CURRENT_PROJECT_VERSION = 1;
				DEVELOPMENT_TEAM = 6PGX42V9KX;
				GENERATE_INFOPLIST_FILE = YES;
				IPHONEOS_DEPLOYMENT_TARGET = 17.2;
				MARKETING_VERSION = 1.0;
				PRODUCT_BUNDLE_IDENTIFIER = "-23.SuperheroRandomizer2Tests";
				PRODUCT_NAME = "$(TARGET_NAME)";
				SWIFT_EMIT_LOC_STRINGS = NO;
				SWIFT_VERSION = 5.0;
				TARGETED_DEVICE_FAMILY = "1,2";
				TEST_HOST = "$(BUILT_PRODUCTS_DIR)/SuperheroRandomizer2.app/$(BUNDLE_EXECUTABLE_FOLDER_PATH)/SuperheroRandomizer2";
			};
			name = Release;
		};
		8C23A86E2CF8FF650026DB2A /* Debug */ = {
			isa = XCBuildConfiguration;
			buildSettings = {
				ALWAYS_EMBED_SWIFT_STANDARD_LIBRARIES = YES;
				CODE_SIGN_STYLE = Automatic;
				CURRENT_PROJECT_VERSION = 1;
				DEVELOPMENT_TEAM = 6PGX42V9KX;
				GENERATE_INFOPLIST_FILE = YES;
				MARKETING_VERSION = 1.0;
				PRODUCT_BUNDLE_IDENTIFIER = "-23.SuperheroRandomizer2UITests";
				PRODUCT_NAME = "$(TARGET_NAME)";
				SWIFT_EMIT_LOC_STRINGS = NO;
				SWIFT_VERSION = 5.0;
				TARGETED_DEVICE_FAMILY = "1,2";
				TEST_TARGET_NAME = SuperheroRandomizer2;
			};
			name = Debug;
		};
		8C23A86F2CF8FF650026DB2A /* Release */ = {
			isa = XCBuildConfiguration;
			buildSettings = {
				ALWAYS_EMBED_SWIFT_STANDARD_LIBRARIES = YES;
				CODE_SIGN_STYLE = Automatic;
				CURRENT_PROJECT_VERSION = 1;
				DEVELOPMENT_TEAM = 6PGX42V9KX;
				GENERATE_INFOPLIST_FILE = YES;
				MARKETING_VERSION = 1.0;
				PRODUCT_BUNDLE_IDENTIFIER = "-23.SuperheroRandomizer2UITests";
				PRODUCT_NAME = "$(TARGET_NAME)";
				SWIFT_EMIT_LOC_STRINGS = NO;
				SWIFT_VERSION = 5.0;
				TARGETED_DEVICE_FAMILY = "1,2";
				TEST_TARGET_NAME = SuperheroRandomizer2;
			};
			name = Release;
		};
/* End XCBuildConfiguration section */

/* Begin XCConfigurationList section */
		8C23A8382CF8FF640026DB2A /* Build configuration list for PBXProject "SuperheroRandomizer2" */ = {
			isa = XCConfigurationList;
			buildConfigurations = (
				8C23A8652CF8FF650026DB2A /* Debug */,
				8C23A8662CF8FF650026DB2A /* Release */,
			);
			defaultConfigurationIsVisible = 0;
			defaultConfigurationName = Release;
		};
		8C23A8672CF8FF650026DB2A /* Build configuration list for PBXNativeTarget "SuperheroRandomizer2" */ = {
			isa = XCConfigurationList;
			buildConfigurations = (
				8C23A8682CF8FF650026DB2A /* Debug */,
				8C23A8692CF8FF650026DB2A /* Release */,
			);
			defaultConfigurationIsVisible = 0;
			defaultConfigurationName = Release;
		};
		8C23A86A2CF8FF650026DB2A /* Build configuration list for PBXNativeTarget "SuperheroRandomizer2Tests" */ = {
			isa = XCConfigurationList;
			buildConfigurations = (
				8C23A86B2CF8FF650026DB2A /* Debug */,
				8C23A86C2CF8FF650026DB2A /* Release */,
			);
			defaultConfigurationIsVisible = 0;
			defaultConfigurationName = Release;
		};
		8C23A86D2CF8FF650026DB2A /* Build configuration list for PBXNativeTarget "SuperheroRandomizer2UITests" */ = {
			isa = XCConfigurationList;
			buildConfigurations = (
				8C23A86E2CF8FF650026DB2A /* Debug */,
				8C23A86F2CF8FF650026DB2A /* Release */,
			);
			defaultConfigurationIsVisible = 0;
			defaultConfigurationName = Release;
		};
/* End XCConfigurationList section */

/* Begin XCRemoteSwiftPackageReference section */
		8C23A8702CF8FFC80026DB2A /* XCRemoteSwiftPackageReference "Alamofire" */ = {
			isa = XCRemoteSwiftPackageReference;
			repositoryURL = "https://github.com/Alamofire/Alamofire";
			requirement = {
				kind = upToNextMajorVersion;
				minimumVersion = 5.10.2;
			};
		};
		8C23A8712CF8FFEB0026DB2A /* XCRemoteSwiftPackageReference "Kingfisher" */ = {
			isa = XCRemoteSwiftPackageReference;
			repositoryURL = "https://github.com/onevcat/Kingfisher";
			requirement = {
				kind = upToNextMajorVersion;
				minimumVersion = 8.1.1;
			};
		};
/* End XCRemoteSwiftPackageReference section */

/* Begin XCSwiftPackageProductDependency section */
		8C23A8722CF8FFEB0026DB2A /* Kingfisher */ = {
			isa = XCSwiftPackageProductDependency;
			package = 8C23A8712CF8FFEB0026DB2A /* XCRemoteSwiftPackageReference "Kingfisher" */;
			productName = Kingfisher;
		};
		8C23A8762CF90EB20026DB2A /* Alamofire */ = {
			isa = XCSwiftPackageProductDependency;
			package = 8C23A8702CF8FFC80026DB2A /* XCRemoteSwiftPackageReference "Alamofire" */;
			productName = Alamofire;
		};
		8C23A8782CF9126A0026DB2A /* AlamofireDynamic */ = {
			isa = XCSwiftPackageProductDependency;
			package = 8C23A8702CF8FFC80026DB2A /* XCRemoteSwiftPackageReference "Alamofire" */;
			productName = AlamofireDynamic;
		};
/* End XCSwiftPackageProductDependency section */
	};
	rootObject = 8C23A8352CF8FF640026DB2A /* Project object */;
}
